{
  "name": "SHPS4Node-plugin",
  "version": "2.0.0",
  "lockfileVersion": 1,
  "requires": true,
  "dependencies": {
    "node-mod-load": {
      "version": "3.2.0",
      "resolved": "https://registry.npmjs.org/node-mod-load/-/node-mod-load-3.2.0.tgz",
      "integrity": "sha512-ZhiCfrEmfQX4v8pblEHvCqzPtS7jbBcutt94Dj/c+NexnHRem5xLgVqEsQK99tKyvfgcANlc648vp/ZT5itnJA=="
    }
  }
}
